# This file is automatically @generated by Poetry 2.2.1 and should not be changed by hand.

[[package]]
name = "certifi"
version = "14.05.14"
description = "Python package for providing Mozilla's CA Bundle."
optional = false
python-versions = "*"
groups = ["main"]
files = [
    {file = "certifi-14.05.14.tar.gz", hash = "sha256:1e1bcbacd6357c151ae37cf0290dcc809721d32ce21fd6b7339568f3ddef1b69"},
]

[[package]]
name = "python-dateutil"
version = "2.9.0.post0"
description = "Extensions to the standard Python datetime module"
optional = false
python-versions = "!=3.0.*,!=3.1.*,!=3.2.*,>=2.7"
groups = ["main"]
files = [
    {file = "python-dateutil-2.9.0.post0.tar.gz", hash = "sha256:37dd54208da7e1cd875388217d5e00ebd4179249f90fb72437e91a35459a0ad3"},
    {file = "python_dateutil-2.9.0.post0-py2.py3-none-any.whl", hash = "sha256:a8b2bc7bffae282281c8140a97d3aa9c14da0b136dfe83f850eea9a5f7470427"},
]

[package.dependencies]
six = ">=1.5"

[[package]]
name = "setuptools"
version = "21.2.2"
description = "Easily download, build, install, upgrade, and uninstall Python packages"
optional = false
python-versions = "*"
groups = ["main"]
files = [
    {file = "setuptools-21.2.2-py2.py3-none-any.whl", hash = "sha256:5f1d8fc7d5208dd6d490a697b3319045118d6f2ce518a7dfe72f02adae1ff13a"},
    {file = "setuptools-21.2.2.tar.gz", hash = "sha256:0792954bf85cb23cf8dc07ca2e671730badebfe7c9225889129f2427718f03c6"},
    {file = "setuptools-21.2.2.zip", hash = "sha256:19dadf0c21cb51ebef60df362b0c9594e2cecd7b13c727a88c68d6cbfef18688"},
]

[package.extras]
certs = ["certifi (==2016.2.28)"]
ssl = ["wincertstore (==0.2) ; sys_platform == \"win32\""]

[[package]]
name = "six"
version = "1.17.0"
description = "Python 2 and 3 compatibility utilities"
optional = false
python-versions = "!=3.0.*,!=3.1.*,!=3.2.*,>=2.7"
groups = ["main"]
files = [
    {file = "six-1.17.0-py2.py3-none-any.whl", hash = "sha256:4721f391ed90541fddacab5acf947aa0d3dc7d27b2e1e8eda2be8970586c3274"},
    {file = "six-1.17.0.tar.gz", hash = "sha256:ff70335d468e7eb6ec65b95b99d3a2836546063f63acc5171de367e834932a81"},
]

[[package]]
name = "urllib3"
version = "2.6.3"
description = "HTTP library with thread-safe connection pooling, file post, and more."
optional = false
python-versions = ">=3.9"
groups = ["main"]
files = [
    {file = "urllib3-2.6.3-py3-none-any.whl", hash = "sha256:bf272323e553dfb2e87d9bfd225ca7b0f467b919d7bbd355436d3fd37cb0acd4"},
    {file = "urllib3-2.6.3.tar.gz", hash = "sha256:1b62b6884944a57dbe321509ab94fd4d3b307075e0c2eae991ac71ee15ad38ed"},
]

[package.extras]
brotli = ["brotli (>=1.2.0) ; platform_python_implementation == \"CPython\"", "brotlicffi (>=1.2.0.0) ; platform_python_implementation != \"CPython\""]
h2 = ["h2 (>=4,<5)"]
socks = ["pysocks (>=1.5.6,!=1.5.7,<2.0)"]
zstd = ["backports-zstd (>=1.0.0) ; python_version < \"3.14\""]

[metadata]
lock-version = "2.1"
python-versions = "^3.13"
content-hash = "c2aec34e0584ca9987cceeeb5691dd1ec667e0027fec71c20ddde2ea34215bef"
